
Microsoft Visual Studio Solution File, Format Version 12.00
# Visual Studio Version 16
VisualStudioVersion = 16.0.29709.97
MinimumVisualStudioVersion = 10.0.40219.1
Project("{9A19103F-16F7-4668-BE54-9A1E7A4F7556}") = "Polaroider", "src\Polaroider\Polaroider.csproj", "{D770B144-152A-427E-B695-0DF4F0CA0995}"
EndProject
Project("{9A19103F-16F7-4668-BE54-9A1E7A4F7556}") = "Polaroider.Tests", "src\Tests\Polaroider.Tests\Polaroider.Tests.csproj", "{B1C89E88-4FEE-4743-8776-29944D4F470F}"
EndProject
Project("{9A19103F-16F7-4668-BE54-9A1E7A4F7556}") = "Polaroider.Tests.Internals", "src\Tests\Polaroider.Tests.Internals\Polaroider.Tests.Internals.csproj", "{B59A9CC5-EF0B-443C-9B45-5FB242925E24}"
EndProject
Project("{2150E333-8FDC-42A3-9474-1A3956D46DE8}") = "Tests", "Tests", "{3726E9C8-5C0B-4B1F-BB10-2C47FCCC951E}"
EndProject
Project("{2150E333-8FDC-42A3-9474-1A3956D46DE8}") = "Solution Items", "Solution Items", "{0B0FEA00-9A73-4DDA-94C0-4B7D50870109}"
	ProjectSection(SolutionItems) = preProject
		.gitignore = .gitignore
		.travis.yml = .travis.yml
		appveyor.yml = appveyor.yml
		LICENSE = LICENSE
		README.md = README.md
	EndProjectSection
EndProject
Project("{FAE04EC0-301F-11D3-BF4B-00C04F79EFBC}") = "Polaroider.TestFramework.Tests", "src\Tests\Polaroider.TestFramework.Tests\Polaroider.TestFramework.Tests.csproj", "{218AB8C6-0E57-4D6A-99AE-F58147D8C55B}"
EndProject
Global
	GlobalSection(SolutionConfigurationPlatforms) = preSolution
		Debug|Any CPU = Debug|Any CPU
		Release|Any CPU = Release|Any CPU
	EndGlobalSection
	GlobalSection(ProjectConfigurationPlatforms) = postSolution
		{D770B144-152A-427E-B695-0DF4F0CA0995}.Debug|Any CPU.ActiveCfg = Debug|Any CPU
		{D770B144-152A-427E-B695-0DF4F0CA0995}.Debug|Any CPU.Build.0 = Debug|Any CPU
		{D770B144-152A-427E-B695-0DF4F0CA0995}.Release|Any CPU.ActiveCfg = Release|Any CPU
		{D770B144-152A-427E-B695-0DF4F0CA0995}.Release|Any CPU.Build.0 = Release|Any CPU
		{B1C89E88-4FEE-4743-8776-29944D4F470F}.Debug|Any CPU.ActiveCfg = Debug|Any CPU
		{B1C89E88-4FEE-4743-8776-29944D4F470F}.Debug|Any CPU.Build.0 = Debug|Any CPU
		{B1C89E88-4FEE-4743-8776-29944D4F470F}.Release|Any CPU.ActiveCfg = Release|Any CPU
		{B1C89E88-4FEE-4743-8776-29944D4F470F}.Release|Any CPU.Build.0 = Release|Any CPU
		{B59A9CC5-EF0B-443C-9B45-5FB242925E24}.Debug|Any CPU.ActiveCfg = Debug|Any CPU
		{B59A9CC5-EF0B-443C-9B45-5FB242925E24}.Debug|Any CPU.Build.0 = Debug|Any CPU
		{B59A9CC5-EF0B-443C-9B45-5FB242925E24}.Release|Any CPU.ActiveCfg = Release|Any CPU
		{B59A9CC5-EF0B-443C-9B45-5FB242925E24}.Release|Any CPU.Build.0 = Release|Any CPU
		{218AB8C6-0E57-4D6A-99AE-F58147D8C55B}.Debug|Any CPU.ActiveCfg = Debug|Any CPU
		{218AB8C6-0E57-4D6A-99AE-F58147D8C55B}.Debug|Any CPU.Build.0 = Debug|Any CPU
		{218AB8C6-0E57-4D6A-99AE-F58147D8C55B}.Release|Any CPU.ActiveCfg = Release|Any CPU
		{218AB8C6-0E57-4D6A-99AE-F58147D8C55B}.Release|Any CPU.Build.0 = Release|Any CPU
	EndGlobalSection
	GlobalSection(SolutionProperties) = preSolution
		HideSolutionNode = FALSE
	EndGlobalSection
	GlobalSection(NestedProjects) = preSolution
		{B1C89E88-4FEE-4743-8776-29944D4F470F} = {3726E9C8-5C0B-4B1F-BB10-2C47FCCC951E}
		{B59A9CC5-EF0B-443C-9B45-5FB242925E24} = {3726E9C8-5C0B-4B1F-BB10-2C47FCCC951E}
		{218AB8C6-0E57-4D6A-99AE-F58147D8C55B} = {3726E9C8-5C0B-4B1F-BB10-2C47FCCC951E}
	EndGlobalSection
	GlobalSection(ExtensibilityGlobals) = postSolution
		SolutionGuid = {6F7D15CF-E492-4131-B28F-452A33F8D748}
	EndGlobalSection
EndGlobal
